
Microsoft Visual Studio Solution File, Format Version 12.00
# Visual Studio Version 17
VisualStudioVersion = 17.14.36408.4 d17.14
MinimumVisualStudioVersion = 10.0.40219.1
Project("{FAE04EC0-301F-11D3-BF4B-00C04F79EFBC}") = "EmailReceiver.WebApi", "src\EmailReceiver.WebApi\EmailReceiver.WebApi.csproj", "{90119B75-F392-408C-A7E0-651725C22330}"
EndProject
Global
	GlobalSection(SolutionProperties) = preSolution
		HideSolutionNode = FALSE
	EndGlobalSection
	GlobalSection(ExtensibilityGlobals) = postSolution
		SolutionGuid = {C30F21AD-58C3-41D2-9FBA-A65E9E8C5D8D}
	EndGlobalSection
	GlobalSection(ProjectConfigurationPlatforms) = postSolution
		{90119B75-F392-408C-A7E0-651725C22330}.Debug|Any CPU.ActiveCfg = Debug|Any CPU
		{90119B75-F392-408C-A7E0-651725C22330}.Debug|Any CPU.Build.0 = Debug|Any CPU
		{90119B75-F392-408C-A7E0-651725C22330}.Release|Any CPU.ActiveCfg = Release|Any CPU
		{90119B75-F392-408C-A7E0-651725C22330}.Release|Any CPU.Build.0 = Release|Any CPU
	EndGlobalSection
	GlobalSection(SolutionConfigurationPlatforms) = preSolution
		Debug|Any CPU = Debug|Any CPU
		Release|Any CPU = Release|Any CPU
	EndGlobalSection
EndGlobal
