
Microsoft Visual Studio Solution File, Format Version 12.00
# Visual Studio Version 17
VisualStudioVersion = 17.14.36408.4
MinimumVisualStudioVersion = 10.0.40219.1
Project("{FAE04EC0-301F-11D3-BF4B-00C04F79EFBC}") = "EmailReceiver.WebApi", "src\EmailReceiver.WebApi\EmailReceiver.WebApi.csproj", "{90119B75-F392-408C-A7E0-651725C22330}"
EndProject
Project("{2150E333-8FDC-42A3-9474-1A3956D46DE8}") = "tests", "tests", "{0AB3BF05-4346-4AA6-1389-037BE0695223}"
EndProject
Project("{FAE04EC0-301F-11D3-BF4B-00C04F79EFBC}") = "EmailReceiver.IntegrationTest", "tests\EmailReceiver.IntegrationTest\EmailReceiver.IntegrationTest.csproj", "{BB6F2B86-E3F2-4A1D-B9CB-6CECD309813C}"
EndProject
Project("{FAE04EC0-301F-11D3-BF4B-00C04F79EFBC}") = "EmailReceiver.Testing.Common", "tests\EmailReceiver.Testing.Common\EmailReceiver.Testing.Common.csproj", "{C576F719-A630-444D-861C-D85C3F6BA66F}"
EndProject
Global
	GlobalSection(SolutionConfigurationPlatforms) = preSolution
		Debug|Any CPU = Debug|Any CPU
		Debug|x64 = Debug|x64
		Debug|x86 = Debug|x86
		Release|Any CPU = Release|Any CPU
		Release|x64 = Release|x64
		Release|x86 = Release|x86
	EndGlobalSection
	GlobalSection(ProjectConfigurationPlatforms) = postSolution
		{90119B75-F392-408C-A7E0-651725C22330}.Debug|Any CPU.ActiveCfg = Debug|Any CPU
		{90119B75-F392-408C-A7E0-651725C22330}.Debug|Any CPU.Build.0 = Debug|Any CPU
		{90119B75-F392-408C-A7E0-651725C22330}.Debug|x64.ActiveCfg = Debug|Any CPU
		{90119B75-F392-408C-A7E0-651725C22330}.Debug|x64.Build.0 = Debug|Any CPU
		{90119B75-F392-408C-A7E0-651725C22330}.Debug|x86.ActiveCfg = Debug|Any CPU
		{90119B75-F392-408C-A7E0-651725C22330}.Debug|x86.Build.0 = Debug|Any CPU
		{90119B75-F392-408C-A7E0-651725C22330}.Release|Any CPU.ActiveCfg = Release|Any CPU
		{90119B75-F392-408C-A7E0-651725C22330}.Release|Any CPU.Build.0 = Release|Any CPU
		{90119B75-F392-408C-A7E0-651725C22330}.Release|x64.ActiveCfg = Release|Any CPU
		{90119B75-F392-408C-A7E0-651725C22330}.Release|x64.Build.0 = Release|Any CPU
		{90119B75-F392-408C-A7E0-651725C22330}.Release|x86.ActiveCfg = Release|Any CPU
		{90119B75-F392-408C-A7E0-651725C22330}.Release|x86.Build.0 = Release|Any CPU
		{BB6F2B86-E3F2-4A1D-B9CB-6CECD309813C}.Debug|Any CPU.ActiveCfg = Debug|Any CPU
		{BB6F2B86-E3F2-4A1D-B9CB-6CECD309813C}.Debug|Any CPU.Build.0 = Debug|Any CPU
		{BB6F2B86-E3F2-4A1D-B9CB-6CECD309813C}.Debug|x64.ActiveCfg = Debug|Any CPU
		{BB6F2B86-E3F2-4A1D-B9CB-6CECD309813C}.Debug|x64.Build.0 = Debug|Any CPU
		{BB6F2B86-E3F2-4A1D-B9CB-6CECD309813C}.Debug|x86.ActiveCfg = Debug|Any CPU
		{BB6F2B86-E3F2-4A1D-B9CB-6CECD309813C}.Debug|x86.Build.0 = Debug|Any CPU
		{BB6F2B86-E3F2-4A1D-B9CB-6CECD309813C}.Release|Any CPU.ActiveCfg = Release|Any CPU
		{BB6F2B86-E3F2-4A1D-B9CB-6CECD309813C}.Release|Any CPU.Build.0 = Release|Any CPU
		{BB6F2B86-E3F2-4A1D-B9CB-6CECD309813C}.Release|x64.ActiveCfg = Release|Any CPU
		{BB6F2B86-E3F2-4A1D-B9CB-6CECD309813C}.Release|x64.Build.0 = Release|Any CPU
		{BB6F2B86-E3F2-4A1D-B9CB-6CECD309813C}.Release|x86.ActiveCfg = Release|Any CPU
		{BB6F2B86-E3F2-4A1D-B9CB-6CECD309813C}.Release|x86.Build.0 = Release|Any CPU
		{C576F719-A630-444D-861C-D85C3F6BA66F}.Debug|Any CPU.ActiveCfg = Debug|Any CPU
		{C576F719-A630-444D-861C-D85C3F6BA66F}.Debug|Any CPU.Build.0 = Debug|Any CPU
		{C576F719-A630-444D-861C-D85C3F6BA66F}.Debug|x64.ActiveCfg = Debug|Any CPU
		{C576F719-A630-444D-861C-D85C3F6BA66F}.Debug|x64.Build.0 = Debug|Any CPU
		{C576F719-A630-444D-861C-D85C3F6BA66F}.Debug|x86.ActiveCfg = Debug|Any CPU
		{C576F719-A630-444D-861C-D85C3F6BA66F}.Debug|x86.Build.0 = Debug|Any CPU
		{C576F719-A630-444D-861C-D85C3F6BA66F}.Release|Any CPU.ActiveCfg = Release|Any CPU
		{C576F719-A630-444D-861C-D85C3F6BA66F}.Release|Any CPU.Build.0 = Release|Any CPU
		{C576F719-A630-444D-861C-D85C3F6BA66F}.Release|x64.ActiveCfg = Release|Any CPU
		{C576F719-A630-444D-861C-D85C3F6BA66F}.Release|x64.Build.0 = Release|Any CPU
		{C576F719-A630-444D-861C-D85C3F6BA66F}.Release|x86.ActiveCfg = Release|Any CPU
		{C576F719-A630-444D-861C-D85C3F6BA66F}.Release|x86.Build.0 = Release|Any CPU
	EndGlobalSection
	GlobalSection(SolutionProperties) = preSolution
		HideSolutionNode = FALSE
	EndGlobalSection
	GlobalSection(NestedProjects) = preSolution
		{BB6F2B86-E3F2-4A1D-B9CB-6CECD309813C} = {0AB3BF05-4346-4AA6-1389-037BE0695223}
		{C576F719-A630-444D-861C-D85C3F6BA66F} = {0AB3BF05-4346-4AA6-1389-037BE0695223}
	EndGlobalSection
	GlobalSection(ExtensibilityGlobals) = postSolution
		SolutionGuid = {C30F21AD-58C3-41D2-9FBA-A65E9E8C5D8D}
	EndGlobalSection
EndGlobal
